Microsoft Visual Studio Solution File, Format Version 12.00
# Visual Studio Version 17
VisualStudioVersion = 17.5.2.0
MinimumVisualStudioVersion = 10.0.40219.1
Project("{FAE04EC0-301F-11D3-BF4B-00C04F79EFBC}") = "FormulaCerta.HI.TesteBalanca", "FormulaCerta.HI.TesteBalanca.csproj", "{BD98CC8F-E254-DC79-4392-6D701D324B2D}"
EndProject
Global
	GlobalSection(SolutionConfigurationPlatforms) = preSolution
		Debug|Any CPU = Debug|Any CPU
		Release|Any CPU = Release|Any CPU
	EndGlobalSection
	GlobalSection(ProjectConfigurationPlatforms) = postSolution
		{BD98CC8F-E254-DC79-4392-6D701D324B2D}.Debug|Any CPU.ActiveCfg = Debug|Any CPU
		{BD98CC8F-E254-DC79-4392-6D701D324B2D}.Debug|Any CPU.Build.0 = Debug|Any CPU
		{BD98CC8F-E254-DC79-4392-6D701D324B2D}.Release|Any CPU.ActiveCfg = Release|Any CPU
		{BD98CC8F-E254-DC79-4392-6D701D324B2D}.Release|Any CPU.Build.0 = Release|Any CPU
	EndGlobalSection
	GlobalSection(SolutionProperties) = preSolution
		HideSolutionNode = FALSE
	EndGlobalSection
	GlobalSection(ExtensibilityGlobals) = postSolution
		SolutionGuid = {FEAF8D01-ACEF-4C6C-8DB5-1E72623BF44E}
	EndGlobalSection
EndGlobal
